
Microsoft Visual Studio Solution File, Format Version 12.00
# Visual Studio Version 17
VisualStudioVersion = 17.2.32526.322
MinimumVisualStudioVersion = 10.0.40219.1
Project("{9A19103F-16F7-4668-BE54-9A1E7A4F7556}") = "BusesControl", "BusesControl\BusesControl.csproj", "{648F68E9-BCCF-42B2-BC53-642014DFF16E}"
EndProject
Global
	GlobalSection(SolutionConfigurationPlatforms) = preSolution
		Debug|Any CPU = Debug|Any CPU
		Release|Any CPU = Release|Any CPU
	EndGlobalSection
	GlobalSection(ProjectConfigurationPlatforms) = postSolution
		{648F68E9-BCCF-42B2-BC53-642014DFF16E}.Debug|Any CPU.ActiveCfg = Debug|Any CPU
		{648F68E9-BCCF-42B2-BC53-642014DFF16E}.Debug|Any CPU.Build.0 = Debug|Any CPU
		{648F68E9-BCCF-42B2-BC53-642014DFF16E}.Release|Any CPU.ActiveCfg = Release|Any CPU
		{648F68E9-BCCF-42B2-BC53-642014DFF16E}.Release|Any CPU.Build.0 = Release|Any CPU
	EndGlobalSection
	GlobalSection(SolutionProperties) = preSolution
		HideSolutionNode = FALSE
	EndGlobalSection
	GlobalSection(ExtensibilityGlobals) = postSolution
		SolutionGuid = {831FD415-EE46-4233-A505-84767B404ADB}
	EndGlobalSection
EndGlobal
